// !$*UTF8*$!
{
	archiveVersion = 1;
	classes = {
	};
	objectVersion = 50;
	objects = {

/* Begin PBXBuildFile section */
		CE746E352761EAAE00575481 /* CoreWLAN.framework in Frameworks */ = {isa = PBXBuildFile; fileRef = CE746E342761EAAE00575481 /* CoreWLAN.framework */; };
		CEB1336B27735DA000ED5C1D /* AERNetworkView.mm in Sources */ = {isa = PBXBuildFile; fileRef = CEB1336A27735DA000ED5C1D /* AERNetworkView.mm */; };
		CEBAC786273FE1350066A082 /* AppDelegate.mm in Sources */ = {isa = PBXBuildFile; fileRef = CEBAC785273FE1350066A082 /* AppDelegate.mm */; };
		CEBAC788273FE1390066A082 /* Assets.xcassets in Resources */ = {isa = PBXBuildFile; fileRef = CEBAC787273FE1390066A082 /* Assets.xcassets */; };
		CEBAC78B273FE1390066A082 /* MainMenu.xib in Resources */ = {isa = PBXBuildFile; fileRef = CEBAC789273FE1390066A082 /* MainMenu.xib */; };
		CEBAC78E273FE1390066A082 /* main.m in Sources */ = {isa = PBXBuildFile; fileRef = CEBAC78D273FE1390066A082 /* main.m */; };
		CEBADA6727524FB500187BFC /* AirPort.framework in Frameworks */ = {isa = PBXBuildFile; fileRef = CEBADA6227524F0400187BFC /* AirPort.framework */; };
		CED0C2992769EF9500DE6233 /* AERStatusView.mm in Sources */ = {isa = PBXBuildFile; fileRef = CED0C2982769EF9500DE6233 /* AERStatusView.mm */; };
		CEE6906C2770864C00C8FA43 /* NSMenuItem+AERMenuItemAdditions.mm in Sources */ = {isa = PBXBuildFile; fileRef = CEE6906B2770864C00C8FA43 /* NSMenuItem+AERMenuItemAdditions.mm */; };
		CEEBCB202744E88F00C97FF0 /* AERWindowController.mm in Sources */ = {isa = PBXBuildFile; fileRef = CEEBCB1E2744E88F00C97FF0 /* AERWindowController.mm */; };
		CEEBCB212744E88F00C97FF0 /* AERWindowController.xib in Resources */ = {isa = PBXBuildFile; fileRef = CEEBCB1F2744E88F00C97FF0 /* AERWindowController.xib */; };
		CEF1BB84278AF42400E693F0 /* AERStatusMenuItem.mm in Sources */ = {isa = PBXBuildFile; fileRef = CEF1BB83278AF42400E693F0 /* AERStatusMenuItem.mm */; };
		CEF8D5842746370200B6A085 /* AERWiFiClient.mm in Sources */ = {isa = PBXBuildFile; fileRef = CEF8D5832746370200B6A085 /* AERWiFiClient.mm */; };
/* End PBXBuildFile section */

/* Begin PBXFileReference section */
		CE4F7EAA276CC7FB00FA8E6C /* AERDefines.h */ = {isa = PBXFileReference; lastKnownFileType = sourcecode.c.h; path = AERDefines.h; sourceTree = "<group>"; };
		CE746E342761EAAE00575481 /* CoreWLAN.framework */ = {isa = PBXFileReference; lastKnownFileType = wrapper.framework; name = CoreWLAN.framework; path = System/Library/Frameworks/CoreWLAN.framework; sourceTree = SDKROOT; };
		CEB1336927735DA000ED5C1D /* AERNetworkView.h */ = {isa = PBXFileReference; lastKnownFileType = sourcecode.c.h; path = AERNetworkView.h; sourceTree = "<group>"; };
		CEB1336A27735DA000ED5C1D /* AERNetworkView.mm */ = {isa = PBXFileReference; lastKnownFileType = sourcecode.cpp.objcpp; path = AERNetworkView.mm; sourceTree = "<group>"; };
		CEBAC781273FE1350066A082 /* Aerodrome.app */ = {isa = PBXFileReference; explicitFileType = wrapper.application; includeInIndex = 0; path = Aerodrome.app; sourceTree = BUILT_PRODUCTS_DIR; };
		CEBAC784273FE1350066A082 /* AppDelegate.h */ = {isa = PBXFileReference; lastKnownFileType = sourcecode.c.h; path = AppDelegate.h; sourceTree = "<group>"; };
		CEBAC785273FE1350066A082 /* AppDelegate.mm */ = {isa = PBXFileReference; lastKnownFileType = sourcecode.cpp.objcpp; path = AppDelegate.mm; sourceTree = "<group>"; };
		CEBAC787273FE1390066A082 /* Assets.xcassets */ = {isa = PBXFileReference; lastKnownFileType = folder.assetcatalog; path = Assets.xcassets; sourceTree = "<group>"; };
		CEBAC78A273FE1390066A082 /* Base */ = {isa = PBXFileReference; lastKnownFileType = file.xib; name = Base; path = Base.lproj/MainMenu.xib; sourceTree = "<group>"; };
		CEBAC78C273FE1390066A082 /* Info.plist */ = {isa = PBXFileReference; lastKnownFileType = text.plist.xml; path = Info.plist; sourceTree = "<group>"; };
		CEBAC78D273FE1390066A082 /* main.m */ = {isa = PBXFileReference; lastKnownFileType = sourcecode.c.objc; path = main.m; sourceTree = "<group>"; };
		CEBADA6227524F0400187BFC /* AirPort.framework */ = {isa = PBXFileReference; lastKnownFileType = wrapper.framework; name = AirPort.framework; path = ../../../../../../System/Library/PrivateFrameworks/AirPort.framework; sourceTree = "<group>"; };
		CED0C2972769EF9500DE6233 /* AERStatusView.h */ = {isa = PBXFileReference; lastKnownFileType = sourcecode.c.h; path = AERStatusView.h; sourceTree = "<group>"; };
		CED0C2982769EF9500DE6233 /* AERStatusView.mm */ = {isa = PBXFileReference; lastKnownFileType = sourcecode.cpp.objcpp; path = AERStatusView.mm; sourceTree = "<group>"; };
		CEE6906A2770864C00C8FA43 /* NSMenuItem+AERMenuItemAdditions.h */ = {isa = PBXFileReference; lastKnownFileType = sourcecode.c.h; path = "NSMenuItem+AERMenuItemAdditions.h"; sourceTree = "<group>"; };
		CEE6906B2770864C00C8FA43 /* NSMenuItem+AERMenuItemAdditions.mm */ = {isa = PBXFileReference; explicitFileType = sourcecode.cpp.objcpp; path = "NSMenuItem+AERMenuItemAdditions.mm"; sourceTree = "<group>"; xcLanguageSpecificationIdentifier = xcode.lang.objcpp; };
		CEEBCB1D2744E88F00C97FF0 /* AERWindowController.h */ = {isa = PBXFileReference; lastKnownFileType = sourcecode.c.h; path = AERWindowController.h; sourceTree = "<group>"; };
		CEEBCB1E2744E88F00C97FF0 /* AERWindowController.mm */ = {isa = PBXFileReference; lastKnownFileType = sourcecode.cpp.objcpp; path = AERWindowController.mm; sourceTree = "<group>"; };
		CEEBCB1F2744E88F00C97FF0 /* AERWindowController.xib */ = {isa = PBXFileReference; lastKnownFileType = file.xib; path = AERWindowController.xib; sourceTree = "<group>"; };
		CEEBCB2927450E7000C97FF0 /* apple80211_wps.h */ = {isa = PBXFileReference; lastKnownFileType = sourcecode.c.h; name = apple80211_wps.h; path = AerodromeWiFi/apple80211_wps.h; sourceTree = SOURCE_ROOT; };
		CEEBCB2A27450E7000C97FF0 /* apple80211_var.h */ = {isa = PBXFileReference; lastKnownFileType = sourcecode.c.h; name = apple80211_var.h; path = AerodromeWiFi/apple80211_var.h; sourceTree = SOURCE_ROOT; };
		CEEBCB2B27450E7000C97FF0 /* Apple80211Err.h */ = {isa = PBXFileReference; lastKnownFileType = sourcecode.c.h; name = Apple80211Err.h; path = AerodromeWiFi/Apple80211Err.h; sourceTree = SOURCE_ROOT; };
		CEEBCB2C27450E7000C97FF0 /* Apple80211.h */ = {isa = PBXFileReference; lastKnownFileType = sourcecode.c.h; name = Apple80211.h; path = AerodromeWiFi/Apple80211.h; sourceTree = SOURCE_ROOT; };
		CEEBCB2D27450E7100C97FF0 /* apple80211_ioctl.h */ = {isa = PBXFileReference; lastKnownFileType = sourcecode.c.h; name = apple80211_ioctl.h; path = AerodromeWiFi/apple80211_ioctl.h; sourceTree = SOURCE_ROOT; };
		CEF1BB82278AF42400E693F0 /* AERStatusMenuItem.h */ = {isa = PBXFileReference; lastKnownFileType = sourcecode.c.h; path = AERStatusMenuItem.h; sourceTree = "<group>"; };
		CEF1BB83278AF42400E693F0 /* AERStatusMenuItem.mm */ = {isa = PBXFileReference; lastKnownFileType = sourcecode.cpp.objcpp; path = AERStatusMenuItem.mm; sourceTree = "<group>"; };
		CEF8D5822746370200B6A085 /* AERWiFiClient.h */ = {isa = PBXFileReference; lastKnownFileType = sourcecode.c.h; path = AERWiFiClient.h; sourceTree = "<group>"; };
		CEF8D5832746370200B6A085 /* AERWiFiClient.mm */ = {isa = PBXFileReference; lastKnownFileType = sourcecode.cpp.objcpp; path = AERWiFiClient.mm; sourceTree = "<group>"; };
		CEFE5C42276F8801005949B3 /* AERAssociatedObject.h */ = {isa = PBXFileReference; explicitFileType = sourcecode.cpp.objcpp; path = AERAssociatedObject.h; sourceTree = "<group>"; xcLanguageSpecificationIdentifier = xcode.lang.objcpp; };
/* End PBXFileReference section */

/* Begin PBXFrameworksBuildPhase section */
		CEBAC77E273FE1350066A082 /* Frameworks */ = {
			isa = PBXFrameworksBuildPhase;
			buildActionMask = 2147483647;
			files = (
				CEBADA6727524FB500187BFC /* AirPort.framework in Frameworks */,
				CE746E352761EAAE00575481 /* CoreWLAN.framework in Frameworks */,
			);
			runOnlyForDeploymentPostprocessing = 0;
		};
/* End PBXFrameworksBuildPhase section */

/* Begin PBXGroup section */
		CEBAC778273FE1350066A082 = {
			isa = PBXGroup;
			children = (
				CEBAC783273FE1350066A082 /* Aerodrome */,
				CEBAC782273FE1350066A082 /* Products */,
				CEBADA6127524F0400187BFC /* Frameworks */,
			);
			sourceTree = "<group>";
		};
		CEBAC782273FE1350066A082 /* Products */ = {
			isa = PBXGroup;
			children = (
				CEBAC781273FE1350066A082 /* Aerodrome.app */,
			);
			name = Products;
			sourceTree = "<group>";
		};
		CEBAC783273FE1350066A082 /* Aerodrome */ = {
			isa = PBXGroup;
			children = (
				CEEBCB242744E8B000C97FF0 /* AERKit */,
				CEBAC797273FEC030066A082 /* AerodromeWiFi */,
				CEBAC784273FE1350066A082 /* AppDelegate.h */,
				CEBAC785273FE1350066A082 /* AppDelegate.mm */,
				CEBAC787273FE1390066A082 /* Assets.xcassets */,
				CEBAC789273FE1390066A082 /* MainMenu.xib */,
				CEBAC78C273FE1390066A082 /* Info.plist */,
				CEBAC78D273FE1390066A082 /* main.m */,
			);
			path = Aerodrome;
			sourceTree = "<group>";
		};
		CEBAC797273FEC030066A082 /* AerodromeWiFi */ = {
			isa = PBXGroup;
			children = (
				CEEBCB2D27450E7100C97FF0 /* apple80211_ioctl.h */,
				CEEBCB2A27450E7000C97FF0 /* apple80211_var.h */,
				CEEBCB2927450E7000C97FF0 /* apple80211_wps.h */,
				CEEBCB2C27450E7000C97FF0 /* Apple80211.h */,
				CEEBCB2B27450E7000C97FF0 /* Apple80211Err.h */,
			);
			path = AerodromeWiFi;
			sourceTree = "<group>";
		};
		CEBADA6127524F0400187BFC /* Frameworks */ = {
			isa = PBXGroup;
			children = (
				CE746E342761EAAE00575481 /* CoreWLAN.framework */,
				CEBADA6227524F0400187BFC /* AirPort.framework */,
			);
			name = Frameworks;
			sourceTree = "<group>";
		};
		CEEBCB242744E8B000C97FF0 /* AERKit */ = {
			isa = PBXGroup;
			children = (
				CEFE5C42276F8801005949B3 /* AERAssociatedObject.h */,
				CE4F7EAA276CC7FB00FA8E6C /* AERDefines.h */,
				CEB1336927735DA000ED5C1D /* AERNetworkView.h */,
				CEB1336A27735DA000ED5C1D /* AERNetworkView.mm */,
				CEF1BB82278AF42400E693F0 /* AERStatusMenuItem.h */,
				CEF1BB83278AF42400E693F0 /* AERStatusMenuItem.mm */,
				CED0C2972769EF9500DE6233 /* AERStatusView.h */,
				CED0C2982769EF9500DE6233 /* AERStatusView.mm */,
				CEF8D5822746370200B6A085 /* AERWiFiClient.h */,
				CEF8D5832746370200B6A085 /* AERWiFiClient.mm */,
				CEEBCB1D2744E88F00C97FF0 /* AERWindowController.h */,
				CEEBCB1E2744E88F00C97FF0 /* AERWindowController.mm */,
				CEEBCB1F2744E88F00C97FF0 /* AERWindowController.xib */,
				CEE6906A2770864C00C8FA43 /* NSMenuItem+AERMenuItemAdditions.h */,
				CEE6906B2770864C00C8FA43 /* NSMenuItem+AERMenuItemAdditions.mm */,
			);
			path = AERKit;
			sourceTree = "<group>";
		};
/* End PBXGroup section */

/* Begin PBXNativeTarget section */
		CEBAC780273FE1350066A082 /* Aerodrome */ = {
			isa = PBXNativeTarget;
			buildConfigurationList = CEBAC792273FE1390066A082 /* Build configuration list for PBXNativeTarget "Aerodrome" */;
			buildPhases = (
				CEBAC77D273FE1350066A082 /* Sources */,
				CEBAC77E273FE1350066A082 /* Frameworks */,
				CEBAC77F273FE1350066A082 /* Resources */,
			);
			buildRules = (
			);
			dependencies = (
			);
			name = Aerodrome;
			productName = Aerodrome;
			productReference = CEBAC781273FE1350066A082 /* Aerodrome.app */;
			productType = "com.apple.product-type.application";
		};
/* End PBXNativeTarget section */

/* Begin PBXProject section */
		CEBAC779273FE1350066A082 /* Project object */ = {
			isa = PBXProject;
			attributes = {
				CLASSPREFIX = AER;
				LastUpgradeCheck = 1240;
				ORGANIZATIONNAME = "digital-person";
				TargetAttributes = {
					CEBAC780273FE1350066A082 = {
						CreatedOnToolsVersion = 12.4;
					};
				};
			};
			buildConfigurationList = CEBAC77C273FE1350066A082 /* Build configuration list for PBXProject "Aerodrome" */;
			compatibilityVersion = "Xcode 9.3";
			developmentRegion = en;
			hasScannedForEncodings = 0;
			knownRegions = (
				en,
				Base,
			);
			mainGroup = CEBAC778273FE1350066A082;
			productRefGroup = CEBAC782273FE1350066A082 /* Products */;
			projectDirPath = "";
			projectRoot = "";
			targets = (
				CEBAC780273FE1350066A082 /* Aerodrome */,
			);
		};
/* End PBXProject section */

/* Begin PBXResourcesBuildPhase section */
		CEBAC77F273FE1350066A082 /* Resources */ = {
			isa = PBXResourcesBuildPhase;
			buildActionMask = 2147483647;
			files = (
				CEBAC788273FE1390066A082 /* Assets.xcassets in Resources */,
				CEEBCB212744E88F00C97FF0 /* AERWindowController.xib in Resources */,
				CEBAC78B273FE1390066A082 /* MainMenu.xib in Resources */,
			);
			runOnlyForDeploymentPostprocessing = 0;
		};
/* End PBXResourcesBuildPhase section */

/* Begin PBXSourcesBuildPhase section */
		CEBAC77D273FE1350066A082 /* Sources */ = {
			isa = PBXSourcesBuildPhase;
			buildActionMask = 2147483647;
			files = (
				CEB1336B27735DA000ED5C1D /* AERNetworkView.mm in Sources */,
				CED0C2992769EF9500DE6233 /* AERStatusView.mm in Sources */,
				CEBAC78E273FE1390066A082 /* main.m in Sources */,
				CEE6906C2770864C00C8FA43 /* NSMenuItem+AERMenuItemAdditions.mm in Sources */,
				CEF8D5842746370200B6A085 /* AERWiFiClient.mm in Sources */,
				CEBAC786273FE1350066A082 /* AppDelegate.mm in Sources */,
				CEF1BB84278AF42400E693F0 /* AERStatusMenuItem.mm in Sources */,
				CEEBCB202744E88F00C97FF0 /* AERWindowController.mm in Sources */,
			);
			runOnlyForDeploymentPostprocessing = 0;
		};
/* End PBXSourcesBuildPhase section */

/* Begin PBXVariantGroup section */
		CEBAC789273FE1390066A082 /* MainMenu.xib */ = {
			isa = PBXVariantGroup;
			children = (
				CEBAC78A273FE1390066A082 /* Base */,
			);
			name = MainMenu.xib;
			sourceTree = "<group>";
		};
/* End PBXVariantGroup section */

/* Begin XCBuildConfiguration section */
		CEBAC790273FE1390066A082 /* Debug */ = {
			isa = XCBuildConfiguration;
			buildSettings = {
				ALWAYS_SEARCH_USER_PATHS = NO;
				CLANG_ANALYZER_NONNULL = YES;
				CLANG_ANALYZER_NUMBER_OBJECT_CONVERSION = YES_AGGRESSIVE;
				CLANG_CXX_LANGUAGE_STANDARD = "gnu++14";
				CLANG_CXX_LIBRARY = "libc++";
				CLANG_ENABLE_MODULES = YES;
				CLANG_ENABLE_OBJC_ARC = YES;
				CLANG_ENABLE_OBJC_WEAK = YES;
				CLANG_WARN_BLOCK_CAPTURE_AUTORELEASING = YES;
				CLANG_WARN_BOOL_CONVERSION = YES;
				CLANG_WARN_COMMA = YES;
				CLANG_WARN_CONSTANT_CONVERSION = YES;
				CLANG_WARN_DEPRECATED_OBJC_IMPLEMENTATIONS = YES;
				CLANG_WARN_DIRECT_OBJC_ISA_USAGE = YES_ERROR;
				CLANG_WARN_DOCUMENTATION_COMMENTS = YES;
				CLANG_WARN_EMPTY_BODY = YES;
				CLANG_WARN_ENUM_CONVERSION = YES;
				CLANG_WARN_INFINITE_RECURSION = YES;
				CLANG_WARN_INT_CONVERSION = YES;
				CLANG_WARN_NON_LITERAL_NULL_CONVERSION = YES;
				CLANG_WARN_OBJC_IMPLICIT_RETAIN_SELF = YES;
				CLANG_WARN_OBJC_LITERAL_CONVERSION = YES;
				CLANG_WARN_OBJC_ROOT_CLASS = YES_ERROR;
				CLANG_WARN_QUOTED_INCLUDE_IN_FRAMEWORK_HEADER = YES;
				CLANG_WARN_RANGE_LOOP_ANALYSIS = YES;
				CLANG_WARN_STRICT_PROTOTYPES = YES;
				CLANG_WARN_SUSPICIOUS_MOVE = YES;
				CLANG_WARN_UNGUARDED_AVAILABILITY = YES_AGGRESSIVE;
				CLANG_WARN_UNREACHABLE_CODE = YES;
				CLANG_WARN__DUPLICATE_METHOD_MATCH = YES;
				COPY_PHASE_STRIP = NO;
				DEBUG_INFORMATION_FORMAT = dwarf;
				ENABLE_STRICT_OBJC_MSGSEND = YES;
				ENABLE_TESTABILITY = YES;
				GCC_C_LANGUAGE_STANDARD = gnu11;
				GCC_DYNAMIC_NO_PIC = NO;
				GCC_NO_COMMON_BLOCKS = YES;
				GCC_OPTIMIZATION_LEVEL = 0;
				GCC_PREPROCESSOR_DEFINITIONS = (
					"DEBUG=1",
					"$(inherited)",
				);
				GCC_WARN_64_TO_32_BIT_CONVERSION = YES;
				GCC_WARN_ABOUT_RETURN_TYPE = YES_ERROR;
				GCC_WARN_UNDECLARED_SELECTOR = YES;
				GCC_WARN_UNINITIALIZED_AUTOS = YES_AGGRESSIVE;
				GCC_WARN_UNUSED_FUNCTION = YES;
				GCC_WARN_UNUSED_VARIABLE = YES;
				MACOSX_DEPLOYMENT_TARGET = 10.15;
				MTL_ENABLE_DEBUG_INFO = INCLUDE_SOURCE;
				MTL_FAST_MATH = YES;
				ONLY_ACTIVE_ARCH = YES;
				SDKROOT = macosx;
			};
			name = Debug;
		};
		CEBAC791273FE1390066A082 /* Release */ = {
			isa = XCBuildConfiguration;
			buildSettings = {
				ALWAYS_SEARCH_USER_PATHS = NO;
				CLANG_ANALYZER_NONNULL = YES;
				CLANG_ANALYZER_NUMBER_OBJECT_CONVERSION = YES_AGGRESSIVE;
				CLANG_CXX_LANGUAGE_STANDARD = "gnu++14";
				CLANG_CXX_LIBRARY = "libc++";
				CLANG_ENABLE_MODULES = YES;
				CLANG_ENABLE_OBJC_ARC = YES;
				CLANG_ENABLE_OBJC_WEAK = YES;
				CLANG_WARN_BLOCK_CAPTURE_AUTORELEASING = YES;
				CLANG_WARN_BOOL_CONVERSION = YES;
				CLANG_WARN_COMMA = YES;
				CLANG_WARN_CONSTANT_CONVERSION = YES;
				CLANG_WARN_DEPRECATED_OBJC_IMPLEMENTATIONS = YES;
				CLANG_WARN_DIRECT_OBJC_ISA_USAGE = YES_ERROR;
				CLANG_WARN_DOCUMENTATION_COMMENTS = YES;
				CLANG_WARN_EMPTY_BODY = YES;
				CLANG_WARN_ENUM_CONVERSION = YES;
				CLANG_WARN_INFINITE_RECURSION = YES;
				CLANG_WARN_INT_CONVERSION = YES;
				CLANG_WARN_NON_LITERAL_NULL_CONVERSION = YES;
				CLANG_WARN_OBJC_IMPLICIT_RETAIN_SELF = YES;
				CLANG_WARN_OBJC_LITERAL_CONVERSION = YES;
				CLANG_WARN_OBJC_ROOT_CLASS = YES_ERROR;
				CLANG_WARN_QUOTED_INCLUDE_IN_FRAMEWORK_HEADER = YES;
				CLANG_WARN_RANGE_LOOP_ANALYSIS = YES;
				CLANG_WARN_STRICT_PROTOTYPES = YES;
				CLANG_WARN_SUSPICIOUS_MOVE = YES;
				CLANG_WARN_UNGUARDED_AVAILABILITY = YES_AGGRESSIVE;
				CLANG_WARN_UNREACHABLE_CODE = YES;
				CLANG_WARN__DUPLICATE_METHOD_MATCH = YES;
				COPY_PHASE_STRIP = NO;
				DEBUG_INFORMATION_FORMAT = "dwarf-with-dsym";
				ENABLE_NS_ASSERTIONS = NO;
				ENABLE_STRICT_OBJC_MSGSEND = YES;
				GCC_C_LANGUAGE_STANDARD = gnu11;
				GCC_NO_COMMON_BLOCKS = YES;
				GCC_WARN_64_TO_32_BIT_CONVERSION = YES;
				GCC_WARN_ABOUT_RETURN_TYPE = YES_ERROR;
				GCC_WARN_UNDECLARED_SELECTOR = YES;
				GCC_WARN_UNINITIALIZED_AUTOS = YES_AGGRESSIVE;
				GCC_WARN_UNUSED_FUNCTION = YES;
				GCC_WARN_UNUSED_VARIABLE = YES;
				MACOSX_DEPLOYMENT_TARGET = 10.15;
				MTL_ENABLE_DEBUG_INFO = NO;
				MTL_FAST_MATH = YES;
				SDKROOT = macosx;
			};
			name = Release;
		};
		CEBAC793273FE1390066A082 /* Debug */ = {
			isa = XCBuildConfiguration;
			buildSettings = {
				ASSETCATALOG_COMPILER_APPICON_NAME = AppIcon;
				ASSETCATALOG_COMPILER_GLOBAL_ACCENT_COLOR_NAME = AccentColor;
				CLANG_ANALYZER_GCD_PERFORMANCE = YES;
				CLANG_CXX_LANGUAGE_STANDARD = "gnu++20";
				CLANG_WARN_OBJC_REPEATED_USE_OF_WEAK = YES;
				CODE_SIGN_ENTITLEMENTS = Aerodrome/Aerodrome.entitlements;
				CODE_SIGN_STYLE = Automatic;
				COMBINE_HIDPI_IMAGES = YES;
				GCC_ENABLE_CPP_EXCEPTIONS = NO;
				GCC_ENABLE_CPP_RTTI = NO;
				GCC_ENABLE_OBJC_EXCEPTIONS = NO;
				INFOPLIST_FILE = Aerodrome/Info.plist;
				LD_RUNPATH_SEARCH_PATHS = (
					"$(inherited)",
					"@executable_path/../Frameworks",
				);
				MARKETING_VERSION = 3.0;
				ONLY_ACTIVE_ARCH = YES;
				PRODUCT_BUNDLE_IDENTIFIER = "digital-person.Aerodrome";
				PRODUCT_NAME = "$(TARGET_NAME)";
				SYSTEM_FRAMEWORK_SEARCH_PATHS = (
					"$(inherited)",
					"$(SYSTEM_LIBRARY_DIR)/PrivateFrameworks",
				);
				WARNING_CFLAGS = "-Wall";
			};
			name = Debug;
		};
		CEBAC794273FE1390066A082 /* Release */ = {
			isa = XCBuildConfiguration;
			buildSettings = {
				ASSETCATALOG_COMPILER_APPICON_NAME = AppIcon;
				ASSETCATALOG_COMPILER_GLOBAL_ACCENT_COLOR_NAME = AccentColor;
				CLANG_ANALYZER_GCD_PERFORMANCE = YES;
				CLANG_CXX_LANGUAGE_STANDARD = "gnu++20";
				CLANG_WARN_OBJC_REPEATED_USE_OF_WEAK = YES;
				CODE_SIGN_ENTITLEMENTS = Aerodrome/Aerodrome.entitlements;
				CODE_SIGN_STYLE = Automatic;
				COMBINE_HIDPI_IMAGES = YES;
				GCC_ENABLE_CPP_EXCEPTIONS = NO;
				GCC_ENABLE_CPP_RTTI = NO;
				GCC_ENABLE_OBJC_EXCEPTIONS = NO;
				GCC_OPTIMIZATION_LEVEL = fast;
				INFOPLIST_FILE = Aerodrome/Info.plist;
				LD_RUNPATH_SEARCH_PATHS = (
					"$(inherited)",
					"@executable_path/../Frameworks",
				);
				LLVM_LTO = YES_THIN;
				MARKETING_VERSION = 3.0;
				ONLY_ACTIVE_ARCH = YES;
				PRODUCT_BUNDLE_IDENTIFIER = "digital-person.Aerodrome";
				PRODUCT_NAME = "$(TARGET_NAME)";
				SYSTEM_FRAMEWORK_SEARCH_PATHS = (
					"$(inherited)",
					"$(SYSTEM_LIBRARY_DIR)/PrivateFrameworks",
				);
				WARNING_CFLAGS = "-Wall";
			};
			name = Release;
		};
/* End XCBuildConfiguration section */

/* Begin XCConfigurationList section */
		CEBAC77C273FE1350066A082 /* Build configuration list for PBXProject "Aerodrome" */ = {
			isa = XCConfigurationList;
			buildConfigurations = (
				CEBAC790273FE1390066A082 /* Debug */,
				CEBAC791273FE1390066A082 /* Release */,
			);
			defaultConfigurationIsVisible = 0;
			defaultConfigurationName = Release;
		};
		CEBAC792273FE1390066A082 /* Build configuration list for PBXNativeTarget "Aerodrome" */ = {
			isa = XCConfigurationList;
			buildConfigurations = (
				CEBAC793273FE1390066A082 /* Debug */,
				CEBAC794273FE1390066A082 /* Release */,
			);
			defaultConfigurationIsVisible = 0;
			defaultConfigurationName = Release;
		};
/* End XCConfigurationList section */
	};
	rootObject = CEBAC779273FE1350066A082 /* Project object */;
}
